
Microsoft Visual Studio Solution File, Format Version 12.00
# Visual Studio Version 16
VisualStudioVersion = 16.0.34729.46
MinimumVisualStudioVersion = 10.0.40219.1
Project("{FAE04EC0-301F-11D3-BF4B-00C04F79EFBC}") = "CleanApp.API", "CleanApp.API\CleanApp.API.csproj", "{77EFB934-CB53-4646-B51E-CC3925D8DAD0}"
EndProject
Project("{FAE04EC0-301F-11D3-BF4B-00C04F79EFBC}") = "CleanApp.Domain", "CleanApp.Domain\CleanApp.Domain.csproj", "{B8054704-B1EC-4FA6-813B-F487C9B3DDC4}"
EndProject
Project("{FAE04EC0-301F-11D3-BF4B-00C04F79EFBC}") = "CleanApp.Application", "CleanApp.Application\CleanApp.Application.csproj", "{6FDE2A70-70AB-4432-9210-6766E38B60D2}"
EndProject
Project("{FAE04EC0-301F-11D3-BF4B-00C04F79EFBC}") = "CleanApp.Infrastructure", "CleanApp.Infrastructure\CleanApp.Infrastructure.csproj", "{7FA22597-E385-4FFD-BA2C-C8289CA293BF}"
EndProject
Global
	GlobalSection(SolutionConfigurationPlatforms) = preSolution
		Debug|Any CPU = Debug|Any CPU
		Release|Any CPU = Release|Any CPU
	EndGlobalSection
	GlobalSection(ProjectConfigurationPlatforms) = postSolution
		{77EFB934-CB53-4646-B51E-CC3925D8DAD0}.Debug|Any CPU.ActiveCfg = Debug|Any CPU
		{77EFB934-CB53-4646-B51E-CC3925D8DAD0}.Debug|Any CPU.Build.0 = Debug|Any CPU
		{77EFB934-CB53-4646-B51E-CC3925D8DAD0}.Release|Any CPU.ActiveCfg = Release|Any CPU
		{77EFB934-CB53-4646-B51E-CC3925D8DAD0}.Release|Any CPU.Build.0 = Release|Any CPU
		{B8054704-B1EC-4FA6-813B-F487C9B3DDC4}.Debug|Any CPU.ActiveCfg = Debug|Any CPU
		{B8054704-B1EC-4FA6-813B-F487C9B3DDC4}.Debug|Any CPU.Build.0 = Debug|Any CPU
		{B8054704-B1EC-4FA6-813B-F487C9B3DDC4}.Release|Any CPU.ActiveCfg = Release|Any CPU
		{B8054704-B1EC-4FA6-813B-F487C9B3DDC4}.Release|Any CPU.Build.0 = Release|Any CPU
		{6FDE2A70-70AB-4432-9210-6766E38B60D2}.Debug|Any CPU.ActiveCfg = Debug|Any CPU
		{6FDE2A70-70AB-4432-9210-6766E38B60D2}.Debug|Any CPU.Build.0 = Debug|Any CPU
		{6FDE2A70-70AB-4432-9210-6766E38B60D2}.Release|Any CPU.ActiveCfg = Release|Any CPU
		{6FDE2A70-70AB-4432-9210-6766E38B60D2}.Release|Any CPU.Build.0 = Release|Any CPU
		{7FA22597-E385-4FFD-BA2C-C8289CA293BF}.Debug|Any CPU.ActiveCfg = Debug|Any CPU
		{7FA22597-E385-4FFD-BA2C-C8289CA293BF}.Debug|Any CPU.Build.0 = Debug|Any CPU
		{7FA22597-E385-4FFD-BA2C-C8289CA293BF}.Release|Any CPU.ActiveCfg = Release|Any CPU
		{7FA22597-E385-4FFD-BA2C-C8289CA293BF}.Release|Any CPU.Build.0 = Release|Any CPU
	EndGlobalSection
	GlobalSection(SolutionProperties) = preSolution
		HideSolutionNode = FALSE
	EndGlobalSection
	GlobalSection(ExtensibilityGlobals) = postSolution
		SolutionGuid = {C71129E3-B5C6-4335-84D2-5FF22EFF1603}
	EndGlobalSection
EndGlobal
